
Microsoft Visual Studio Solution File, Format Version 12.00
# Visual Studio Version 17
VisualStudioVersion = 17.6.33723.286
MinimumVisualStudioVersion = 10.0.40219.1
Project("{FAE04EC0-301F-11D3-BF4B-00C04F79EFBC}") = "EmployeeManagmentSystem", "EmployeeManagmentSystem.csproj", "{5DDAA345-FC20-453C-84A2-34F99425E998}"
EndProject
Global
	GlobalSection(SolutionConfigurationPlatforms) = preSolution
		Debug|Any CPU = Debug|Any CPU
		Release|Any CPU = Release|Any CPU
	EndGlobalSection
	GlobalSection(ProjectConfigurationPlatforms) = postSolution
		{5DDAA345-FC20-453C-84A2-34F99425E998}.Debug|Any CPU.ActiveCfg = Debug|Any CPU
		{5DDAA345-FC20-453C-84A2-34F99425E998}.Debug|Any CPU.Build.0 = Debug|Any CPU
		{5DDAA345-FC20-453C-84A2-34F99425E998}.Release|Any CPU.ActiveCfg = Release|Any CPU
		{5DDAA345-FC20-453C-84A2-34F99425E998}.Release|Any CPU.Build.0 = Release|Any CPU
	EndGlobalSection
	GlobalSection(SolutionProperties) = preSolution
		HideSolutionNode = FALSE
	EndGlobalSection
	GlobalSection(ExtensibilityGlobals) = postSolution
		SolutionGuid = {F9793770-ABD7-4B8E-ADF4-ACFB147CFC30}
	EndGlobalSection
EndGlobal
